// !$*UTF8*$!
{
	archiveVersion = 1;
	classes = {
	};
	objectVersion = 50;
	objects = {

/* Begin PBXBuildFile section */
		6816BA4E27B4F1960059B497 /* AppDelegate.swift in Sources */ = {isa = PBXBuildFile; fileRef = 6816BA4D27B4F1960059B497 /* AppDelegate.swift */; };
		6816BA5027B4F1960059B497 /* SceneDelegate.swift in Sources */ = {isa = PBXBuildFile; fileRef = 6816BA4F27B4F1960059B497 /* SceneDelegate.swift */; };
		6816BA5227B4F1960059B497 /* ViewController.swift in Sources */ = {isa = PBXBuildFile; fileRef = 6816BA5127B4F1960059B497 /* ViewController.swift */; };
		6816BA5527B4F1960059B497 /* Main.storyboard in Resources */ = {isa = PBXBuildFile; fileRef = 6816BA5327B4F1960059B497 /* Main.storyboard */; };
		6816BA5827B4F1960059B497 /* NerfGunShop.xcdatamodeld in Sources */ = {isa = PBXBuildFile; fileRef = 6816BA5627B4F1960059B497 /* NerfGunShop.xcdatamodeld */; };
		6816BA5A27B4F1980059B497 /* Assets.xcassets in Resources */ = {isa = PBXBuildFile; fileRef = 6816BA5927B4F1980059B497 /* Assets.xcassets */; };
		6816BA5D27B4F1980059B497 /* LaunchScreen.storyboard in Resources */ = {isa = PBXBuildFile; fileRef = 6816BA5B27B4F1980059B497 /* LaunchScreen.storyboard */; };
		6816BA6527B4FD8B0059B497 /* RegisterViewController.swift in Sources */ = {isa = PBXBuildFile; fileRef = 6816BA6427B4FD8B0059B497 /* RegisterViewController.swift */; };
		876F9DA327B6B78400A044ED /* CartViewController.swift in Sources */ = {isa = PBXBuildFile; fileRef = 876F9DA227B6B78300A044ED /* CartViewController.swift */; };
		879D395527B6607600BC4871 /* HomeTabViewController.swift in Sources */ = {isa = PBXBuildFile; fileRef = 879D395427B6607600BC4871 /* HomeTabViewController.swift */; };
		87D1182E27B5417E00EA7371 /* StandardFunctions.swift in Sources */ = {isa = PBXBuildFile; fileRef = 87D1182D27B5417E00EA7371 /* StandardFunctions.swift */; };
/* End PBXBuildFile section */

/* Begin PBXFileReference section */
		6816BA4A27B4F1960059B497 /* NerfGunShop.app */ = {isa = PBXFileReference; explicitFileType = wrapper.application; includeInIndex = 0; path = NerfGunShop.app; sourceTree = BUILT_PRODUCTS_DIR; };
		6816BA4D27B4F1960059B497 /* AppDelegate.swift */ = {isa = PBXFileReference; lastKnownFileType = sourcecode.swift; path = AppDelegate.swift; sourceTree = "<group>"; };
		6816BA4F27B4F1960059B497 /* SceneDelegate.swift */ = {isa = PBXFileReference; lastKnownFileType = sourcecode.swift; path = SceneDelegate.swift; sourceTree = "<group>"; };
		6816BA5127B4F1960059B497 /* ViewController.swift */ = {isa = PBXFileReference; lastKnownFileType = sourcecode.swift; path = ViewController.swift; sourceTree = "<group>"; };
		6816BA5427B4F1960059B497 /* Base */ = {isa = PBXFileReference; lastKnownFileType = file.storyboard; name = Base; path = Base.lproj/Main.storyboard; sourceTree = "<group>"; };
		6816BA5727B4F1960059B497 /* NerfGunShop.xcdatamodel */ = {isa = PBXFileReference; lastKnownFileType = wrapper.xcdatamodel; path = NerfGunShop.xcdatamodel; sourceTree = "<group>"; };
		6816BA5927B4F1980059B497 /* Assets.xcassets */ = {isa = PBXFileReference; lastKnownFileType = folder.assetcatalog; path = Assets.xcassets; sourceTree = "<group>"; };
		6816BA5C27B4F1980059B497 /* Base */ = {isa = PBXFileReference; lastKnownFileType = file.storyboard; name = Base; path = Base.lproj/LaunchScreen.storyboard; sourceTree = "<group>"; };
		6816BA5E27B4F1980059B497 /* Info.plist */ = {isa = PBXFileReference; lastKnownFileType = text.plist.xml; path = Info.plist; sourceTree = "<group>"; };
		6816BA6427B4FD8B0059B497 /* RegisterViewController.swift */ = {isa = PBXFileReference; lastKnownFileType = sourcecode.swift; path = RegisterViewController.swift; sourceTree = "<group>"; };
		876F9DA227B6B78300A044ED /* CartViewController.swift */ = {isa = PBXFileReference; lastKnownFileType = sourcecode.swift; path = CartViewController.swift; sourceTree = "<group>"; };
		879D395427B6607600BC4871 /* HomeTabViewController.swift */ = {isa = PBXFileReference; lastKnownFileType = sourcecode.swift; path = HomeTabViewController.swift; sourceTree = "<group>"; };
		87D1182D27B5417E00EA7371 /* StandardFunctions.swift */ = {isa = PBXFileReference; lastKnownFileType = sourcecode.swift; path = StandardFunctions.swift; sourceTree = "<group>"; };
/* End PBXFileReference section */

/* Begin PBXFrameworksBuildPhase section */
		6816BA4727B4F1960059B497 /* Frameworks */ = {
			isa = PBXFrameworksBuildPhase;
			buildActionMask = 2147483647;
			files = (
			);
			runOnlyForDeploymentPostprocessing = 0;
		};
/* End PBXFrameworksBuildPhase section */

/* Begin PBXGroup section */
		6816BA4127B4F1960059B497 = {
			isa = PBXGroup;
			children = (
				6816BA4C27B4F1960059B497 /* NerfGunShop */,
				6816BA4B27B4F1960059B497 /* Products */,
			);
			sourceTree = "<group>";
		};
		6816BA4B27B4F1960059B497 /* Products */ = {
			isa = PBXGroup;
			children = (
				6816BA4A27B4F1960059B497 /* NerfGunShop.app */,
			);
			name = Products;
			sourceTree = "<group>";
		};
		6816BA4C27B4F1960059B497 /* NerfGunShop */ = {
			isa = PBXGroup;
			children = (
				6816BA6427B4FD8B0059B497 /* RegisterViewController.swift */,
				6816BA4D27B4F1960059B497 /* AppDelegate.swift */,
				6816BA4F27B4F1960059B497 /* SceneDelegate.swift */,
				6816BA5127B4F1960059B497 /* ViewController.swift */,
				876F9DA227B6B78300A044ED /* CartViewController.swift */,
				87D1182D27B5417E00EA7371 /* StandardFunctions.swift */,
				6816BA5327B4F1960059B497 /* Main.storyboard */,
				6816BA5927B4F1980059B497 /* Assets.xcassets */,
				6816BA5B27B4F1980059B497 /* LaunchScreen.storyboard */,
				6816BA5E27B4F1980059B497 /* Info.plist */,
				6816BA5627B4F1960059B497 /* NerfGunShop.xcdatamodeld */,
				879D395427B6607600BC4871 /* HomeTabViewController.swift */,
			);
			path = NerfGunShop;
			sourceTree = "<group>";
		};
/* End PBXGroup section */

/* Begin PBXNativeTarget section */
		6816BA4927B4F1960059B497 /* NerfGunShop */ = {
			isa = PBXNativeTarget;
			buildConfigurationList = 6816BA6127B4F1980059B497 /* Build configuration list for PBXNativeTarget "NerfGunShop" */;
			buildPhases = (
				6816BA4627B4F1960059B497 /* Sources */,
				6816BA4727B4F1960059B497 /* Frameworks */,
				6816BA4827B4F1960059B497 /* Resources */,
			);
			buildRules = (
			);
			dependencies = (
			);
			name = NerfGunShop;
			productName = NerfGunShop;
			productReference = 6816BA4A27B4F1960059B497 /* NerfGunShop.app */;
			productType = "com.apple.product-type.application";
		};
/* End PBXNativeTarget section */

/* Begin PBXProject section */
		6816BA4227B4F1960059B497 /* Project object */ = {
			isa = PBXProject;
			attributes = {
				LastSwiftUpdateCheck = 1250;
				LastUpgradeCheck = 1250;
				TargetAttributes = {
					6816BA4927B4F1960059B497 = {
						CreatedOnToolsVersion = 12.5;
					};
				};
			};
			buildConfigurationList = 6816BA4527B4F1960059B497 /* Build configuration list for PBXProject "NerfGunShop" */;
			compatibilityVersion = "Xcode 9.3";
			developmentRegion = en;
			hasScannedForEncodings = 0;
			knownRegions = (
				en,
				Base,
			);
			mainGroup = 6816BA4127B4F1960059B497;
			productRefGroup = 6816BA4B27B4F1960059B497 /* Products */;
			projectDirPath = "";
			projectRoot = "";
			targets = (
				6816BA4927B4F1960059B497 /* NerfGunShop */,
			);
		};
/* End PBXProject section */

/* Begin PBXResourcesBuildPhase section */
		6816BA4827B4F1960059B497 /* Resources */ = {
			isa = PBXResourcesBuildPhase;
			buildActionMask = 2147483647;
			files = (
				6816BA5D27B4F1980059B497 /* LaunchScreen.storyboard in Resources */,
				6816BA5A27B4F1980059B497 /* Assets.xcassets in Resources */,
				6816BA5527B4F1960059B497 /* Main.storyboard in Resources */,
			);
			runOnlyForDeploymentPostprocessing = 0;
		};
/* End PBXResourcesBuildPhase section */

/* Begin PBXSourcesBuildPhase section */
		6816BA4627B4F1960059B497 /* Sources */ = {
			isa = PBXSourcesBuildPhase;
			buildActionMask = 2147483647;
			files = (
				6816BA5227B4F1960059B497 /* ViewController.swift in Sources */,
				6816BA6527B4FD8B0059B497 /* RegisterViewController.swift in Sources */,
				87D1182E27B5417E00EA7371 /* StandardFunctions.swift in Sources */,
				879D395527B6607600BC4871 /* HomeTabViewController.swift in Sources */,
				876F9DA327B6B78400A044ED /* CartViewController.swift in Sources */,
				6816BA4E27B4F1960059B497 /* AppDelegate.swift in Sources */,
				6816BA5027B4F1960059B497 /* SceneDelegate.swift in Sources */,
				6816BA5827B4F1960059B497 /* NerfGunShop.xcdatamodeld in Sources */,
			);
			runOnlyForDeploymentPostprocessing = 0;
		};
/* End PBXSourcesBuildPhase section */

/* Begin PBXVariantGroup section */
		6816BA5327B4F1960059B497 /* Main.storyboard */ = {
			isa = PBXVariantGroup;
			children = (
				6816BA5427B4F1960059B497 /* Base */,
			);
			name = Main.storyboard;
			sourceTree = "<group>";
		};
		6816BA5B27B4F1980059B497 /* LaunchScreen.storyboard */ = {
			isa = PBXVariantGroup;
			children = (
				6816BA5C27B4F1980059B497 /* Base */,
			);
			name = LaunchScreen.storyboard;
			sourceTree = "<group>";
		};
/* End PBXVariantGroup section */

/* Begin XCBuildConfiguration section */
		6816BA5F27B4F1980059B497 /* Debug */ = {
			isa = XCBuildConfiguration;
			buildSettings = {
				ALWAYS_SEARCH_USER_PATHS = NO;
				CLANG_ANALYZER_NONNULL = YES;
				CLANG_ANALYZER_NUMBER_OBJECT_CONVERSION = YES_AGGRESSIVE;
				CLANG_CXX_LANGUAGE_STANDARD = "gnu++14";
				CLANG_CXX_LIBRARY = "libc++";
				CLANG_ENABLE_MODULES = YES;
				CLANG_ENABLE_OBJC_ARC = YES;
				CLANG_ENABLE_OBJC_WEAK = YES;
				CLANG_WARN_BLOCK_CAPTURE_AUTORELEASING = YES;
				CLANG_WARN_BOOL_CONVERSION = YES;
				CLANG_WARN_COMMA = YES;
				CLANG_WARN_CONSTANT_CONVERSION = YES;
				CLANG_WARN_DEPRECATED_OBJC_IMPLEMENTATIONS = YES;
				CLANG_WARN_DIRECT_OBJC_ISA_USAGE = YES_ERROR;
				CLANG_WARN_DOCUMENTATION_COMMENTS = YES;
				CLANG_WARN_EMPTY_BODY = YES;
				CLANG_WARN_ENUM_CONVERSION = YES;
				CLANG_WARN_INFINITE_RECURSION = YES;
				CLANG_WARN_INT_CONVERSION = YES;
				CLANG_WARN_NON_LITERAL_NULL_CONVERSION = YES;
				CLANG_WARN_OBJC_IMPLICIT_RETAIN_SELF = YES;
				CLANG_WARN_OBJC_LITERAL_CONVERSION = YES;
				CLANG_WARN_OBJC_ROOT_CLASS = YES_ERROR;
				CLANG_WARN_QUOTED_INCLUDE_IN_FRAMEWORK_HEADER = YES;
				CLANG_WARN_RANGE_LOOP_ANALYSIS = YES;
				CLANG_WARN_STRICT_PROTOTYPES = YES;
				CLANG_WARN_SUSPICIOUS_MOVE = YES;
				CLANG_WARN_UNGUARDED_AVAILABILITY = YES_AGGRESSIVE;
				CLANG_WARN_UNREACHABLE_CODE = YES;
				CLANG_WARN__DUPLICATE_METHOD_MATCH = YES;
				COPY_PHASE_STRIP = NO;
				DEBUG_INFORMATION_FORMAT = dwarf;
				ENABLE_STRICT_OBJC_MSGSEND = YES;
				ENABLE_TESTABILITY = YES;
				GCC_C_LANGUAGE_STANDARD = gnu11;
				GCC_DYNAMIC_NO_PIC = NO;
				GCC_NO_COMMON_BLOCKS = YES;
				GCC_OPTIMIZATION_LEVEL = 0;
				GCC_PREPROCESSOR_DEFINITIONS = (
					"DEBUG=1",
					"$(inherited)",
				);
				GCC_WARN_64_TO_32_BIT_CONVERSION = YES;
				GCC_WARN_ABOUT_RETURN_TYPE = YES_ERROR;
				GCC_WARN_UNDECLARED_SELECTOR = YES;
				GCC_WARN_UNINITIALIZED_AUTOS = YES_AGGRESSIVE;
				GCC_WARN_UNUSED_FUNCTION = YES;
				GCC_WARN_UNUSED_VARIABLE = YES;
				IPHONEOS_DEPLOYMENT_TARGET = 14.5;
				MTL_ENABLE_DEBUG_INFO = INCLUDE_SOURCE;
				MTL_FAST_MATH = YES;
				ONLY_ACTIVE_ARCH = YES;
				SDKROOT = iphoneos;
				SWIFT_ACTIVE_COMPILATION_CONDITIONS = DEBUG;
				SWIFT_OPTIMIZATION_LEVEL = "-Onone";
			};
			name = Debug;
		};
		6816BA6027B4F1980059B497 /* Release */ = {
			isa = XCBuildConfiguration;
			buildSettings = {
				ALWAYS_SEARCH_USER_PATHS = NO;
				CLANG_ANALYZER_NONNULL = YES;
				CLANG_ANALYZER_NUMBER_OBJECT_CONVERSION = YES_AGGRESSIVE;
				CLANG_CXX_LANGUAGE_STANDARD = "gnu++14";
				CLANG_CXX_LIBRARY = "libc++";
				CLANG_ENABLE_MODULES = YES;
				CLANG_ENABLE_OBJC_ARC = YES;
				CLANG_ENABLE_OBJC_WEAK = YES;
				CLANG_WARN_BLOCK_CAPTURE_AUTORELEASING = YES;
				CLANG_WARN_BOOL_CONVERSION = YES;
				CLANG_WARN_COMMA = YES;
				CLANG_WARN_CONSTANT_CONVERSION = YES;
				CLANG_WARN_DEPRECATED_OBJC_IMPLEMENTATIONS = YES;
				CLANG_WARN_DIRECT_OBJC_ISA_USAGE = YES_ERROR;
				CLANG_WARN_DOCUMENTATION_COMMENTS = YES;
				CLANG_WARN_EMPTY_BODY = YES;
				CLANG_WARN_ENUM_CONVERSION = YES;
				CLANG_WARN_INFINITE_RECURSION = YES;
				CLANG_WARN_INT_CONVERSION = YES;
				CLANG_WARN_NON_LITERAL_NULL_CONVERSION = YES;
				CLANG_WARN_OBJC_IMPLICIT_RETAIN_SELF = YES;
				CLANG_WARN_OBJC_LITERAL_CONVERSION = YES;
				CLANG_WARN_OBJC_ROOT_CLASS = YES_ERROR;
				CLANG_WARN_QUOTED_INCLUDE_IN_FRAMEWORK_HEADER = YES;
				CLANG_WARN_RANGE_LOOP_ANALYSIS = YES;
				CLANG_WARN_STRICT_PROTOTYPES = YES;
				CLANG_WARN_SUSPICIOUS_MOVE = YES;
				CLANG_WARN_UNGUARDED_AVAILABILITY = YES_AGGRESSIVE;
				CLANG_WARN_UNREACHABLE_CODE = YES;
				CLANG_WARN__DUPLICATE_METHOD_MATCH = YES;
				COPY_PHASE_STRIP = NO;
				DEBUG_INFORMATION_FORMAT = "dwarf-with-dsym";
				ENABLE_NS_ASSERTIONS = NO;
				ENABLE_STRICT_OBJC_MSGSEND = YES;
				GCC_C_LANGUAGE_STANDARD = gnu11;
				GCC_NO_COMMON_BLOCKS = YES;
				GCC_WARN_64_TO_32_BIT_CONVERSION = YES;
				GCC_WARN_ABOUT_RETURN_TYPE = YES_ERROR;
				GCC_WARN_UNDECLARED_SELECTOR = YES;
				GCC_WARN_UNINITIALIZED_AUTOS = YES_AGGRESSIVE;
				GCC_WARN_UNUSED_FUNCTION = YES;
				GCC_WARN_UNUSED_VARIABLE = YES;
				IPHONEOS_DEPLOYMENT_TARGET = 14.5;
				MTL_ENABLE_DEBUG_INFO = NO;
				MTL_FAST_MATH = YES;
				SDKROOT = iphoneos;
				SWIFT_COMPILATION_MODE = wholemodule;
				SWIFT_OPTIMIZATION_LEVEL = "-O";
				VALIDATE_PRODUCT = YES;
			};
			name = Release;
		};
		6816BA6227B4F1980059B497 /* Debug */ = {
			isa = XCBuildConfiguration;
			buildSettings = {
				ASSETCATALOG_COMPILER_APPICON_NAME = AppIcon;
				ASSETCATALOG_COMPILER_GLOBAL_ACCENT_COLOR_NAME = AccentColor;
				CODE_SIGN_STYLE = Automatic;
				INFOPLIST_FILE = NerfGunShop/Info.plist;
				LD_RUNPATH_SEARCH_PATHS = (
					"$(inherited)",
					"@executable_path/Frameworks",
				);
				PRODUCT_BUNDLE_IDENTIFIER = ITE.NerfGunShop;
				PRODUCT_NAME = "$(TARGET_NAME)";
				SWIFT_VERSION = 5.0;
				TARGETED_DEVICE_FAMILY = "1,2";
			};
			name = Debug;
		};
		6816BA6327B4F1980059B497 /* Release */ = {
			isa = XCBuildConfiguration;
			buildSettings = {
				ASSETCATALOG_COMPILER_APPICON_NAME = AppIcon;
				ASSETCATALOG_COMPILER_GLOBAL_ACCENT_COLOR_NAME = AccentColor;
				CODE_SIGN_STYLE = Automatic;
				INFOPLIST_FILE = NerfGunShop/Info.plist;
				LD_RUNPATH_SEARCH_PATHS = (
					"$(inherited)",
					"@executable_path/Frameworks",
				);
				PRODUCT_BUNDLE_IDENTIFIER = ITE.NerfGunShop;
				PRODUCT_NAME = "$(TARGET_NAME)";
				SWIFT_VERSION = 5.0;
				TARGETED_DEVICE_FAMILY = "1,2";
			};
			name = Release;
		};
/* End XCBuildConfiguration section */

/* Begin XCConfigurationList section */
		6816BA4527B4F1960059B497 /* Build configuration list for PBXProject "NerfGunShop" */ = {
			isa = XCConfigurationList;
			buildConfigurations = (
				6816BA5F27B4F1980059B497 /* Debug */,
				6816BA6027B4F1980059B497 /* Release */,
			);
			defaultConfigurationIsVisible = 0;
			defaultConfigurationName = Release;
		};
		6816BA6127B4F1980059B497 /* Build configuration list for PBXNativeTarget "NerfGunShop" */ = {
			isa = XCConfigurationList;
			buildConfigurations = (
				6816BA6227B4F1980059B497 /* Debug */,
				6816BA6327B4F1980059B497 /* Release */,
			);
			defaultConfigurationIsVisible = 0;
			defaultConfigurationName = Release;
		};
/* End XCConfigurationList section */

/* Begin XCVersionGroup section */
		6816BA5627B4F1960059B497 /* NerfGunShop.xcdatamodeld */ = {
			isa = XCVersionGroup;
			children = (
				6816BA5727B4F1960059B497 /* NerfGunShop.xcdatamodel */,
			);
			currentVersion = 6816BA5727B4F1960059B497 /* NerfGunShop.xcdatamodel */;
			path = NerfGunShop.xcdatamodeld;
			sourceTree = "<group>";
			versionGroupType = wrapper.xcdatamodel;
		};
/* End XCVersionGroup section */
	};
	rootObject = 6816BA4227B4F1960059B497 /* Project object */;
}
